
Microsoft Visual Studio Solution File, Format Version 12.00
# Visual Studio 15
VisualStudioVersion = 15.0.27428.2037
MinimumVisualStudioVersion = 10.0.40219.1
Project("{00D1A9C2-B5F0-4AF3-8072-F6C62B433612}") = "Change Tracking Framework", "Change Tracking Framework\Change Tracking Framework.sqlproj", "{488C9F9D-8C45-4D4B-885A-84D296F25340}"
EndProject
Global
	GlobalSection(SolutionConfigurationPlatforms) = preSolution
		Debug|Any CPU = Debug|Any CPU
		Release|Any CPU = Release|Any CPU
	EndGlobalSection
	GlobalSection(ProjectConfigurationPlatforms) = postSolution
		{488C9F9D-8C45-4D4B-885A-84D296F25340}.Debug|Any CPU.ActiveCfg = Debug|Any CPU
		{488C9F9D-8C45-4D4B-885A-84D296F25340}.Debug|Any CPU.Build.0 = Debug|Any CPU
		{488C9F9D-8C45-4D4B-885A-84D296F25340}.Debug|Any CPU.Deploy.0 = Debug|Any CPU
		{488C9F9D-8C45-4D4B-885A-84D296F25340}.Release|Any CPU.ActiveCfg = Release|Any CPU
		{488C9F9D-8C45-4D4B-885A-84D296F25340}.Release|Any CPU.Build.0 = Release|Any CPU
		{488C9F9D-8C45-4D4B-885A-84D296F25340}.Release|Any CPU.Deploy.0 = Release|Any CPU
	EndGlobalSection
	GlobalSection(SolutionProperties) = preSolution
		HideSolutionNode = FALSE
	EndGlobalSection
	GlobalSection(ExtensibilityGlobals) = postSolution
		SolutionGuid = {8F53B576-E7BA-481B-9EAC-F165C9F56FA7}
	EndGlobalSection
EndGlobal
